PODS:
  - Masonry (1.0.2)
  - MJExtension (3.0.13)
  - SDWebImage (4.1.0):
    - SDWebImage/Core (= 4.1.0)
  - SDWebImage/Core (4.1.0)

DEPENDENCIES:
  - Masonry (~> 1.0.2)
  - MJExtension
  - SDWebImage (~> 4.0)

SPEC CHECKSUMS:
  Masonry: 7c429b56da9d4ee0bbb3ed77a5ea710d6a5df39e
  MJExtension: 5932755f451458eefa24239358817f8d291240c7
  SDWebImage: 0e435c14e402a6730315a0fb79f95e68654d55a4

PODFILE CHECKSUM: 5c45e7cff618b8dfc4feb08f52962958f8466bd1

COCOAPODS: 1.2.1
